
Microsoft Visual Studio Solution File, Format Version 12.00
# Visual Studio Version 17
VisualStudioVersion = 17.8.34322.80
MinimumVisualStudioVersion = 10.0.40219.1
Project("{FAE04EC0-301F-11D3-BF4B-00C04F79EFBC}") = "BookAPP", "BookAPP\BookAPP.csproj", "{DF6E2C43-5072-445D-8BC2-59E0FE5F6BB9}"
EndProject
Global
	GlobalSection(SolutionConfigurationPlatforms) = preSolution
		Debug|Any CPU = Debug|Any CPU
		Release|Any CPU = Release|Any CPU
	EndGlobalSection
	GlobalSection(ProjectConfigurationPlatforms) = postSolution
		{DF6E2C43-5072-445D-8BC2-59E0FE5F6BB9}.Debug|Any CPU.ActiveCfg = Debug|Any CPU
		{DF6E2C43-5072-445D-8BC2-59E0FE5F6BB9}.Debug|Any CPU.Build.0 = Debug|Any CPU
		{DF6E2C43-5072-445D-8BC2-59E0FE5F6BB9}.Debug|Any CPU.Deploy.0 = Debug|Any CPU
		{DF6E2C43-5072-445D-8BC2-59E0FE5F6BB9}.Release|Any CPU.ActiveCfg = Release|Any CPU
		{DF6E2C43-5072-445D-8BC2-59E0FE5F6BB9}.Release|Any CPU.Build.0 = Release|Any CPU
		{DF6E2C43-5072-445D-8BC2-59E0FE5F6BB9}.Release|Any CPU.Deploy.0 = Release|Any CPU
	EndGlobalSection
	GlobalSection(SolutionProperties) = preSolution
		HideSolutionNode = FALSE
	EndGlobalSection
	GlobalSection(ExtensibilityGlobals) = postSolution
		SolutionGuid = {EE09F168-E914-4355-BE61-25B34311BBA6}
	EndGlobalSection
EndGlobal
